
Microsoft Visual Studio Solution File, Format Version 12.00
# Visual Studio Version 17
VisualStudioVersion = 17.10.35122.118
MinimumVisualStudioVersion = 10.0.40219.1
Project("{9A19103F-16F7-4668-BE54-9A1E7A4F7556}") = "HappyJourney", "HappyJourney\HappyJourney.csproj", "{0F505471-7107-4797-9CA6-EF34D99BECDE}"
EndProject
Project("{FAE04EC0-301F-11D3-BF4B-00C04F79EFBC}") = "SecondDay", "SecondDay\SecondDay.csproj", "{278A4412-4826-4258-8A01-B1D7945ABD59}"
EndProject
Global
	GlobalSection(SolutionConfigurationPlatforms) = preSolution
		Debug|Any CPU = Debug|Any CPU
		Release|Any CPU = Release|Any CPU
	EndGlobalSection
	GlobalSection(ProjectConfigurationPlatforms) = postSolution
		{0F505471-7107-4797-9CA6-EF34D99BECDE}.Debug|Any CPU.ActiveCfg = Debug|Any CPU
		{0F505471-7107-4797-9CA6-EF34D99BECDE}.Debug|Any CPU.Build.0 = Debug|Any CPU
		{0F505471-7107-4797-9CA6-EF34D99BECDE}.Release|Any CPU.ActiveCfg = Release|Any CPU
		{0F505471-7107-4797-9CA6-EF34D99BECDE}.Release|Any CPU.Build.0 = Release|Any CPU
		{278A4412-4826-4258-8A01-B1D7945ABD59}.Debug|Any CPU.ActiveCfg = Debug|Any CPU
		{278A4412-4826-4258-8A01-B1D7945ABD59}.Debug|Any CPU.Build.0 = Debug|Any CPU
		{278A4412-4826-4258-8A01-B1D7945ABD59}.Release|Any CPU.ActiveCfg = Release|Any CPU
		{278A4412-4826-4258-8A01-B1D7945ABD59}.Release|Any CPU.Build.0 = Release|Any CPU
	EndGlobalSection
	GlobalSection(SolutionProperties) = preSolution
		HideSolutionNode = FALSE
	EndGlobalSection
	GlobalSection(ExtensibilityGlobals) = postSolution
		SolutionGuid = {997410F1-89B2-49B1-9EFD-DA9A55EE33E1}
	EndGlobalSection
EndGlobal
